{
  "name": "vat-frontend",
  "version": "1.0.0",
  "lockfileVersion": 2,
  "requires": true,
  "packages": {
    "": {
      "name": "vat-frontend",
      "version": "1.0.0",
      "license": "ISC",
      "dependencies": {
        "govuk-frontend": "^6.4.0"
      },
      "devDependencies": {}
    },
    "node_modules/govuk-frontend": {
      "version": "6.5.1",
      "resolved": "https://registry.npmjs.org/govuk-frontend/-/govuk-frontend-6.5.1.tgz",
      "integrity": "sha512-myC7pDU9d7NqHa/oiDKe7k/ojCPMY4LjHpJkDncgQ3MgWeGUkySpz/gfdjRVvGaER6GNoi0kDGSgSXMa1he0xg==",
      "license": "MIT",
      "engines": {
        "node": ">= 4.2.0"
      }
    }
  },
  "dependencies": {
    "govuk-frontend": {
      "version": "6.5.1",
      "resolved": "https://registry.npmjs.org/govuk-frontend/-/govuk-frontend-6.5.1.tgz",
      "integrity": "sha512-myC7pDU9d7NqHa/oiDKe7k/ojCPMY4LjHpJkDncgQ3MgWeGUkySpz/gfdjRVvGaER6GNoi0kDGSgSXMa1he0xg=="
    }
  }
}
